
Microsoft Visual Studio Solution File, Format Version 12.00
# Visual Studio 15
VisualStudioVersion = 15.0.28307.1082
MinimumVisualStudioVersion = 10.0.40219.1
Project("{FAE04EC0-301F-11D3-BF4B-00C04F79EFBC}") = "BackendSite", "BackendSite\BackendSite.csproj", "{0476DD4E-5E91-41F4-8B98-4CE8DC15450F}"
EndProject
Global
	GlobalSection(SolutionConfigurationPlatforms) = preSolution
		Debug|Any CPU = Debug|Any CPU
		Release|Any CPU = Release|Any CPU
	EndGlobalSection
	GlobalSection(ProjectConfigurationPlatforms) = postSolution
		{0476DD4E-5E91-41F4-8B98-4CE8DC15450F}.Debug|Any CPU.ActiveCfg = Debug|Any CPU
		{0476DD4E-5E91-41F4-8B98-4CE8DC15450F}.Debug|Any CPU.Build.0 = Debug|Any CPU
		{0476DD4E-5E91-41F4-8B98-4CE8DC15450F}.Release|Any CPU.ActiveCfg = Release|Any CPU
		{0476DD4E-5E91-41F4-8B98-4CE8DC15450F}.Release|Any CPU.Build.0 = Release|Any CPU
	EndGlobalSection
	GlobalSection(SolutionProperties) = preSolution
		HideSolutionNode = FALSE
	EndGlobalSection
	GlobalSection(ExtensibilityGlobals) = postSolution
		SolutionGuid = {4B55C528-F555-4476-8CC3-52E765635357}
	EndGlobalSection
EndGlobal
